
Microsoft Visual Studio Solution File, Format Version 12.00
# Visual Studio Version 17
VisualStudioVersion = 17.8.34322.80
MinimumVisualStudioVersion = 10.0.40219.1
Project("{FAE04EC0-301F-11D3-BF4B-00C04F79EFBC}") = "RestoApp", "RestoApp.csproj", "{CA06B06E-00A8-4313-A72E-3DA453643FDC}"
EndProject
Project("{FAE04EC0-301F-11D3-BF4B-00C04F79EFBC}") = "Dominio", "Dominio\Dominio.csproj", "{AAAB6AD5-F827-460E-984E-28034A55C771}"
EndProject
Project("{FAE04EC0-301F-11D3-BF4B-00C04F79EFBC}") = "Negocio", "Negocio\Negocio.csproj", "{9CDE5452-032A-4341-83BD-F48DA5E82951}"
EndProject
Global
	GlobalSection(SolutionConfigurationPlatforms) = preSolution
		Debug|Any CPU = Debug|Any CPU
		Release|Any CPU = Release|Any CPU
	EndGlobalSection
	GlobalSection(ProjectConfigurationPlatforms) = postSolution
		{CA06B06E-00A8-4313-A72E-3DA453643FDC}.Debug|Any CPU.ActiveCfg = Debug|Any CPU
		{CA06B06E-00A8-4313-A72E-3DA453643FDC}.Debug|Any CPU.Build.0 = Debug|Any CPU
		{CA06B06E-00A8-4313-A72E-3DA453643FDC}.Release|Any CPU.ActiveCfg = Release|Any CPU
		{CA06B06E-00A8-4313-A72E-3DA453643FDC}.Release|Any CPU.Build.0 = Release|Any CPU
		{AAAB6AD5-F827-460E-984E-28034A55C771}.Debug|Any CPU.ActiveCfg = Debug|Any CPU
		{AAAB6AD5-F827-460E-984E-28034A55C771}.Debug|Any CPU.Build.0 = Debug|Any CPU
		{AAAB6AD5-F827-460E-984E-28034A55C771}.Release|Any CPU.ActiveCfg = Release|Any CPU
		{AAAB6AD5-F827-460E-984E-28034A55C771}.Release|Any CPU.Build.0 = Release|Any CPU
		{9CDE5452-032A-4341-83BD-F48DA5E82951}.Debug|Any CPU.ActiveCfg = Debug|Any CPU
		{9CDE5452-032A-4341-83BD-F48DA5E82951}.Debug|Any CPU.Build.0 = Debug|Any CPU
		{9CDE5452-032A-4341-83BD-F48DA5E82951}.Release|Any CPU.ActiveCfg = Release|Any CPU
		{9CDE5452-032A-4341-83BD-F48DA5E82951}.Release|Any CPU.Build.0 = Release|Any CPU
	EndGlobalSection
	GlobalSection(SolutionProperties) = preSolution
		HideSolutionNode = FALSE
	EndGlobalSection
	GlobalSection(ExtensibilityGlobals) = postSolution
		SolutionGuid = {82A28918-E23D-4529-A459-781FFEC327D3}
	EndGlobalSection
EndGlobal
